
Microsoft Visual Studio Solution File, Format Version 12.00
# Visual Studio Version 16
VisualStudioVersion = 16.0.30804.86
MinimumVisualStudioVersion = 10.0.40219.1
Project("{FAE04EC0-301F-11D3-BF4B-00C04F79EFBC}") = "theClock", "theClock\theClock.csproj", "{8715D26B-32E1-4C80-B047-1F94DA45A668}"
EndProject
Global
	GlobalSection(SolutionConfigurationPlatforms) = preSolution
		Debug|Any CPU = Debug|Any CPU
		Release|Any CPU = Release|Any CPU
	EndGlobalSection
	GlobalSection(ProjectConfigurationPlatforms) = postSolution
		{8715D26B-32E1-4C80-B047-1F94DA45A668}.Debug|Any CPU.ActiveCfg = Debug|Any CPU
		{8715D26B-32E1-4C80-B047-1F94DA45A668}.Debug|Any CPU.Build.0 = Debug|Any CPU
		{8715D26B-32E1-4C80-B047-1F94DA45A668}.Release|Any CPU.ActiveCfg = Release|Any CPU
		{8715D26B-32E1-4C80-B047-1F94DA45A668}.Release|Any CPU.Build.0 = Release|Any CPU
	EndGlobalSection
	GlobalSection(SolutionProperties) = preSolution
		HideSolutionNode = FALSE
	EndGlobalSection
	GlobalSection(ExtensibilityGlobals) = postSolution
		SolutionGuid = {EB637139-E4A6-4D53-AD41-3977AE4217F6}
	EndGlobalSection
EndGlobal
